
Microsoft Visual Studio Solution File, Format Version 12.00
# Visual Studio Version 16
VisualStudioVersion = 16.0.30611.23
MinimumVisualStudioVersion = 10.0.40219.1
Project("{FAE04EC0-301F-11D3-BF4B-00C04F79EFBC}") = "Nyou.API.NoSQL", "Nyou.API.NoSQL\Nyou.API.NoSQL.csproj", "{78C0BBE4-A8A9-493C-BF27-C78E69A41142}"
EndProject
Global
	GlobalSection(SolutionConfigurationPlatforms) = preSolution
		Debug|Any CPU = Debug|Any CPU
		Release|Any CPU = Release|Any CPU
	EndGlobalSection
	GlobalSection(ProjectConfigurationPlatforms) = postSolution
		{78C0BBE4-A8A9-493C-BF27-C78E69A41142}.Debug|Any CPU.ActiveCfg = Debug|Any CPU
		{78C0BBE4-A8A9-493C-BF27-C78E69A41142}.Debug|Any CPU.Build.0 = Debug|Any CPU
		{78C0BBE4-A8A9-493C-BF27-C78E69A41142}.Release|Any CPU.ActiveCfg = Release|Any CPU
		{78C0BBE4-A8A9-493C-BF27-C78E69A41142}.Release|Any CPU.Build.0 = Release|Any CPU
	EndGlobalSection
	GlobalSection(SolutionProperties) = preSolution
		HideSolutionNode = FALSE
	EndGlobalSection
	GlobalSection(ExtensibilityGlobals) = postSolution
		SolutionGuid = {6EF25158-109E-4A8D-9BE4-B93F23384DC6}
	EndGlobalSection
EndGlobal
